
Microsoft Visual Studio Solution File, Format Version 12.00
# Visual Studio Version 17
VisualStudioVersion = 17.4.33205.214
MinimumVisualStudioVersion = 10.0.40219.1
Project("{FAE04EC0-301F-11D3-BF4B-00C04F79EFBC}") = "KDFTest1", "KDFTest1\KDFTest1.csproj", "{6A96FEE9-4F05-4A1E-BB90-F53769DEF2E9}"
EndProject
Project("{FAE04EC0-301F-11D3-BF4B-00C04F79EFBC}") = "KDF_SaucedemoTests", "KDF_SaucedemoTests\KDF_SaucedemoTests.csproj", "{3586665A-5806-4FD4-B752-A619D24AB7F0}"
EndProject
Global
	GlobalSection(SolutionConfigurationPlatforms) = preSolution
		Debug|Any CPU = Debug|Any CPU
		Release|Any CPU = Release|Any CPU
	EndGlobalSection
	GlobalSection(ProjectConfigurationPlatforms) = postSolution
		{6A96FEE9-4F05-4A1E-BB90-F53769DEF2E9}.Debug|Any CPU.ActiveCfg = Debug|Any CPU
		{6A96FEE9-4F05-4A1E-BB90-F53769DEF2E9}.Debug|Any CPU.Build.0 = Debug|Any CPU
		{6A96FEE9-4F05-4A1E-BB90-F53769DEF2E9}.Release|Any CPU.ActiveCfg = Release|Any CPU
		{6A96FEE9-4F05-4A1E-BB90-F53769DEF2E9}.Release|Any CPU.Build.0 = Release|Any CPU
		{3586665A-5806-4FD4-B752-A619D24AB7F0}.Debug|Any CPU.ActiveCfg = Debug|Any CPU
		{3586665A-5806-4FD4-B752-A619D24AB7F0}.Debug|Any CPU.Build.0 = Debug|Any CPU
		{3586665A-5806-4FD4-B752-A619D24AB7F0}.Release|Any CPU.ActiveCfg = Release|Any CPU
		{3586665A-5806-4FD4-B752-A619D24AB7F0}.Release|Any CPU.Build.0 = Release|Any CPU
	EndGlobalSection
	GlobalSection(SolutionProperties) = preSolution
		HideSolutionNode = FALSE
	EndGlobalSection
	GlobalSection(ExtensibilityGlobals) = postSolution
		SolutionGuid = {241E82E7-E31B-43E8-BF0D-4B063FCC36A7}
	EndGlobalSection
EndGlobal
